{
    "_readme": [
        "This file locks the dependencies of your project to a known state",
        "Read more about it at https://getcomposer.org/doc/01-basic-usage.md#installing-dependencies",
        "This file is @generated automatically"
    ],
    "content-hash": "75150f84a0ef8debd4a1ff91639cda2c",
    "packages": [
        {
            "name": "abraham/twitteroauth",
            "version": "1.2.0",
            "source": {
                "type": "git",
                "url": "https://github.com/abraham/twitteroauth.git",
                "reference": "f5cda73d1deae8b9e3e54f1572a6d28d03e06644"
            },
            "dist": {
                "type": "zip",
                "url": "https://api.github.com/repos/abraham/twitteroauth/zipball/f5cda73d1deae8b9e3e54f1572a6d28d03e06644",
                "reference": "f5cda73d1deae8b9e3e54f1572a6d28d03e06644",
                "shasum": ""
            },
            "require": {
                "composer/ca-bundle": "^1.2",
                "ext-curl": "*",
                "php": "^7.2 || ^7.3 || ^7.4"
            },
            "require-dev": {
                "php-vcr/php-vcr": "^1",
                "php-vcr/phpunit-testlistener-vcr": "^3",
                "phpmd/phpmd": "^2",
                "phpunit/phpunit": "^8",
                "squizlabs/php_codesniffer": "^3"
            },
            "type": "library",
            "autoload": {
                "psr-4": {
                    "Abraham\\TwitterOAuth\\": "src"
                }
            },
            "notification-url": "https://packagist.org/downloads/",
            "license": [
                "MIT"
            ],
            "authors": [
                {
                    "name": "Abraham Williams",
                    "email": "abraham@abrah.am",
                    "homepage": "https://abrah.am",
                    "role": "Developer"
                }
            ],
            "description": "The most popular PHP library for use with the Twitter OAuth REST API.",
            "homepage": "https://twitteroauth.com",
            "keywords": [
                "Twitter API",
                "Twitter oAuth",
                "api",
                "oauth",
                "rest",
                "social",
                "twitter"
            ],
            "support": {
                "issues": "https://github.com/abraham/twitteroauth/issues",
                "source": "https://github.com/abraham/twitteroauth"
            },
            "time": "2020-09-22T14:27:00+00:00"
        },
        {
            "name": "aza/math",
            "version": "v1.0.3",
            "target-dir": "Aza/Components/Math",
            "source": {
                "type": "git",
                "url": "https://github.com/Anizoptera/Math.git",
                "reference": "c5f170627f18338edc87f2580281c64f1ced0d6f"
            },
            "dist": {
                "type": "zip",
                "url": "https://api.github.com/repos/Anizoptera/Math/zipball/c5f170627f18338edc87f2580281c64f1ced0d6f",
                "reference": "c5f170627f18338edc87f2580281c64f1ced0d6f",
                "shasum": ""
            },
            "require": {
                "php": ">=5.3.3"
            },
            "suggest": {
                "aza/benchmark": "Used in benchmark tests",
                "aza/common": "Used in benchmark tests",
                "aza/phpgen": "Used for development code building",
                "ext-bcmath": "Install the BCMath (Binary Calculator Arbitrary Precision Mathematics) extension to work with arbitrary precision arithmetic operations.",
                "ext-gmp": "Install the GMP (GNU Multiple Precision) extension in order to speed up number systems conversions and arbitrary precision arithmetic operations."
            },
            "type": "library",
            "extra": {
                "branch-alias": {
                    "dev-master": "1.x-dev"
                }
            },
            "autoload": {
                "psr-0": {
                    "Aza\\Components\\Math": ""
                }
            },
            "notification-url": "https://packagist.org/downloads/",
            "license": [
                "MIT"
            ],
            "authors": [
                {
                    "name": "Amal Samally",
                    "email": "amal.samally@gmail.com",
                    "homepage": "https://github.com/amal"
                },
                {
                    "name": "AzaGroup Members"
                }
            ],
            "description": "AzaMath - Anizoptera CMF mathematic component. Arbitrary precision arithmetic (for huge integers; BCMath wrapper) and universal convertor between positional numeral systems (supported bases from 2 to 62 inclusive, and systems with custom alphabet; pure PHP realisation, can use GMP and core PHP functions for speed optimization).",
            "homepage": "https://github.com/Anizoptera/Math",
            "keywords": [
                "arbitrary",
                "arithmetic",
                "base",
                "base 36",
                "base 62",
                "bcmath",
                "big",
                "bigint",
                "bignum",
                "binary calculator",
                "calculation",
                "convert",
                "decimal",
                "fraction",
                "gmp",
                "huge",
                "integer",
                "math",
                "mathematics",
                "number",
                "positional",
                "precision",
                "radix"
            ],
            "support": {
                "issues": "https://github.com/Anizoptera/Math/issues",
                "source": "https://github.com/Anizoptera/Math/tree/master"
            },
            "time": "2013-05-28T13:04:04+00:00"
        },
        {
            "name": "composer/ca-bundle",
            "version": "1.3.7",
            "source": {
                "type": "git",
                "url": "https://github.com/composer/ca-bundle.git",
                "reference": "76e46335014860eec1aa5a724799a00a2e47cc85"
            },
            "dist": {
                "type": "zip",
                "url": "https://api.github.com/repos/composer/ca-bundle/zipball/76e46335014860eec1aa5a724799a00a2e47cc85",
                "reference": "76e46335014860eec1aa5a724799a00a2e47cc85",
                "shasum": ""
            },
            "require": {
                "ext-openssl": "*",
                "ext-pcre": "*",
                "php": "^5.3.2 || ^7.0 || ^8.0"
            },
            "require-dev": {
                "phpstan/phpstan": "^0.12.55",
                "psr/log": "^1.0",
                "symfony/phpunit-bridge": "^4.2 || ^5",
                "symfony/process": "^2.5 || ^3.0 || ^4.0 || ^5.0 || ^6.0"
            },
            "type": "library",
            "extra": {
                "branch-alias": {
                    "dev-main": "1.x-dev"
                }
            },
            "autoload": {
                "psr-4": {
                    "Composer\\CaBundle\\": "src"
                }
            },
            "notification-url": "https://packagist.org/downloads/",
            "license": [
                "MIT"
            ],
            "authors": [
                {
                    "name": "Jordi Boggiano",
                    "email": "j.boggiano@seld.be",
                    "homepage": "http://seld.be"
                }
            ],
            "description": "Lets you find a path to the system CA bundle, and includes a fallback to the Mozilla CA bundle.",
            "keywords": [
                "cabundle",
                "cacert",
                "certificate",
                "ssl",
                "tls"
            ],
            "support": {
                "irc": "irc://irc.freenode.org/composer",
                "issues": "https://github.com/composer/ca-bundle/issues",
                "source": "https://github.com/composer/ca-bundle/tree/1.3.7"
            },
            "funding": [
                {
                    "url": "https://packagist.com",
                    "type": "custom"
                },
                {
                    "url": "https://github.com/composer",
                    "type": "github"
                },
                {
                    "url": "https://tidelift.com/funding/github/packagist/composer/composer",
                    "type": "tidelift"
                }
            ],
            "time": "2023-08-30T09:31:38+00:00"
        },
        {
            "name": "guzzlehttp/psr7",
            "version": "2.6.1",
            "source": {
                "type": "git",
                "url": "https://github.com/guzzle/psr7.git",
                "reference": "be45764272e8873c72dbe3d2edcfdfcc3bc9f727"
            },
            "dist": {
                "type": "zip",
                "url": "https://api.github.com/repos/guzzle/psr7/zipball/be45764272e8873c72dbe3d2edcfdfcc3bc9f727",
                "reference": "be45764272e8873c72dbe3d2edcfdfcc3bc9f727",
                "shasum": ""
            },
            "require": {
                "php": "^7.2.5 || ^8.0",
                "psr/http-factory": "^1.0",
                "psr/http-message": "^1.1 || ^2.0",
                "ralouphie/getallheaders": "^3.0"
            },
            "provide": {
                "psr/http-factory-implementation": "1.0",
                "psr/http-message-implementation": "1.0"
            },
            "require-dev": {
                "bamarni/composer-bin-plugin": "^1.8.1",
                "http-interop/http-factory-tests": "^0.9",
                "phpunit/phpunit": "^8.5.29 || ^9.5.23"
            },
            "suggest": {
                "laminas/laminas-httphandlerrunner": "Emit PSR-7 responses"
            },
            "type": "library",
            "extra": {
                "bamarni-bin": {
                    "bin-links": true,
                    "forward-command": false
                }
            },
            "autoload": {
                "psr-4": {
                    "GuzzleHttp\\Psr7\\": "src/"
                }
            },
            "notification-url": "https://packagist.org/downloads/",
            "license": [
                "MIT"
            ],
            "authors": [
                {
                    "name": "Graham Campbell",
                    "email": "hello@gjcampbell.co.uk",
                    "homepage": "https://github.com/GrahamCampbell"
                },
                {
                    "name": "Michael Dowling",
                    "email": "mtdowling@gmail.com",
                    "homepage": "https://github.com/mtdowling"
                },
                {
                    "name": "George Mponos",
                    "email": "gmponos@gmail.com",
                    "homepage": "https://github.com/gmponos"
                },
                {
                    "name": "Tobias Nyholm",
                    "email": "tobias.nyholm@gmail.com",
                    "homepage": "https://github.com/Nyholm"
                },
                {
                    "name": "Márk Sági-Kazár",
                    "email": "mark.sagikazar@gmail.com",
                    "homepage": "https://github.com/sagikazarmark"
                },
                {
                    "name": "Tobias Schultze",
                    "email": "webmaster@tubo-world.de",
                    "homepage": "https://github.com/Tobion"
                },
                {
                    "name": "Márk Sági-Kazár",
                    "email": "mark.sagikazar@gmail.com",
                    "homepage": "https://sagikazarmark.hu"
                }
            ],
            "description": "PSR-7 message implementation that also provides common utility methods",
            "keywords": [
                "http",
                "message",
                "psr-7",
                "request",
                "response",
                "stream",
                "uri",
                "url"
            ],
            "support": {
                "issues": "https://github.com/guzzle/psr7/issues",
                "source": "https://github.com/guzzle/psr7/tree/2.6.1"
            },
            "funding": [
                {
                    "url": "https://github.com/GrahamCampbell",
                    "type": "github"
                },
                {
                    "url": "https://github.com/Nyholm",
                    "type": "github"
                },
                {
                    "url": "https://tidelift.com/funding/github/packagist/guzzlehttp/psr7",
                    "type": "tidelift"
                }
            ],
            "time": "2023-08-27T10:13:57+00:00"
        },
        {
            "name": "intervention/image",
            "version": "2.7.2",
            "source": {
                "type": "git",
                "url": "https://github.com/Intervention/image.git",
                "reference": "04be355f8d6734c826045d02a1079ad658322dad"
            },
            "dist": {
                "type": "zip",
                "url": "https://api.github.com/repos/Intervention/image/zipball/04be355f8d6734c826045d02a1079ad658322dad",
                "reference": "04be355f8d6734c826045d02a1079ad658322dad",
                "shasum": ""
            },
            "require": {
                "ext-fileinfo": "*",
                "guzzlehttp/psr7": "~1.1 || ^2.0",
                "php": ">=5.4.0"
            },
            "require-dev": {
                "mockery/mockery": "~0.9.2",
                "phpunit/phpunit": "^4.8 || ^5.7 || ^7.5.15"
            },
            "suggest": {
                "ext-gd": "to use GD library based image processing.",
                "ext-imagick": "to use Imagick based image processing.",
                "intervention/imagecache": "Caching extension for the Intervention Image library"
            },
            "type": "library",
            "extra": {
                "branch-alias": {
                    "dev-master": "2.4-dev"
                },
                "laravel": {
                    "providers": [
                        "Intervention\\Image\\ImageServiceProvider"
                    ],
                    "aliases": {
                        "Image": "Intervention\\Image\\Facades\\Image"
                    }
                }
            },
            "autoload": {
                "psr-4": {
                    "Intervention\\Image\\": "src/Intervention/Image"
                }
            },
            "notification-url": "https://packagist.org/downloads/",
            "license": [
                "MIT"
            ],
            "authors": [
                {
                    "name": "Oliver Vogel",
                    "email": "oliver@intervention.io",
                    "homepage": "https://intervention.io/"
                }
            ],
            "description": "Image handling and manipulation library with support for Laravel integration",
            "homepage": "http://image.intervention.io/",
            "keywords": [
                "gd",
                "image",
                "imagick",
                "laravel",
                "thumbnail",
                "watermark"
            ],
            "support": {
                "issues": "https://github.com/Intervention/image/issues",
                "source": "https://github.com/Intervention/image/tree/2.7.2"
            },
            "funding": [
                {
                    "url": "https://paypal.me/interventionio",
                    "type": "custom"
                },
                {
                    "url": "https://github.com/Intervention",
                    "type": "github"
                }
            ],
            "time": "2022-05-21T17:30:32+00:00"
        },
        {
            "name": "jenssegers/imagehash",
            "version": "v0.5.0",
            "source": {
                "type": "git",
                "url": "https://github.com/jenssegers/imagehash.git",
                "reference": "478fec064d73f7f2fd9c1c15482a43ae5299dcc1"
            },
            "dist": {
                "type": "zip",
                "url": "https://api.github.com/repos/jenssegers/imagehash/zipball/478fec064d73f7f2fd9c1c15482a43ae5299dcc1",
                "reference": "478fec064d73f7f2fd9c1c15482a43ae5299dcc1",
                "shasum": ""
            },
            "require": {
                "ext-gd": "*",
                "intervention/image": "^2.4",
                "php": ">=5.4.0"
            },
            "require-dev": {
                "phpunit/phpunit": "^4.0|^5.0|^6.0|^7.0",
                "satooshi/php-coveralls": "^2.0"
            },
            "suggest": {
                "ext-gmp": "GD or ImageMagick is required",
                "ext-imagick": "GD or ImageMagick is required"
            },
            "type": "library",
            "autoload": {
                "psr-4": {
                    "Jenssegers\\ImageHash\\": "src"
                }
            },
            "notification-url": "https://packagist.org/downloads/",
            "license": [
                "MIT"
            ],
            "authors": [
                {
                    "name": "Kenneth Rapp"
                },
                {
                    "name": "Jens Segers",
                    "homepage": "https://jenssegers.com"
                }
            ],
            "description": "Perceptual image hashing for PHP",
            "homepage": "https://github.com/jenssegers/imagehash",
            "keywords": [
                "ahash",
                "dhash",
                "hash",
                "image hash",
                "imagehash",
                "perceptual",
                "phash"
            ],
            "support": {
                "issues": "https://github.com/jenssegers/imagehash/issues",
                "source": "https://github.com/jenssegers/imagehash/tree/master"
            },
            "time": "2018-05-05T15:27:52+00:00"
        },
        {
            "name": "mpyw/co",
            "version": "v1.5.4",
            "source": {
                "type": "git",
                "url": "https://github.com/mpyw/co.git",
                "reference": "e61114ca578dbe78476cc6768300001a5b9eb0fb"
            },
            "dist": {
                "type": "zip",
                "url": "https://api.github.com/repos/mpyw/co/zipball/e61114ca578dbe78476cc6768300001a5b9eb0fb",
                "reference": "e61114ca578dbe78476cc6768300001a5b9eb0fb",
                "shasum": ""
            },
            "require": {
                "ext-reflection": "*",
                "lib-curl": ">=7.20.0",
                "php": ">=5.5.0",
                "react/promise": "^2.4"
            },
            "require-dev": {
                "codeception/aspect-mock": "^2.0",
                "codeception/codeception": "^2.2",
                "codeception/specify": "*",
                "mpyw/privator": "^2.0",
                "php": ">=7.0.0",
                "satooshi/php-coveralls": "^1.0"
            },
            "type": "library",
            "autoload": {
                "psr-4": {
                    "mpyw\\Co\\": "src/"
                }
            },
            "notification-url": "https://packagist.org/downloads/",
            "license": [
                "MIT"
            ],
            "authors": [
                {
                    "name": "mpyw",
                    "email": "ryosuke_i_628@yahoo.co.jp"
                }
            ],
            "description": "Asynchronous cURL executor simply based on resource and Generator",
            "keywords": [
                "asynchronous",
                "curl",
                "generator",
                "http",
                "parallel"
            ],
            "support": {
                "issues": "https://github.com/mpyw/co/issues",
                "source": "https://github.com/mpyw/co/tree/master"
            },
            "time": "2016-08-28T14:02:56+00:00"
        },
        {
            "name": "mpyw/cowitter",
            "version": "v1.0.5",
            "source": {
                "type": "git",
                "url": "https://github.com/mpyw/cowitter.git",
                "reference": "f77bfa1cafe12927a987aa826b2fbf6433845c35"
            },
            "dist": {
                "type": "zip",
                "url": "https://api.github.com/repos/mpyw/cowitter/zipball/f77bfa1cafe12927a987aa826b2fbf6433845c35",
                "reference": "f77bfa1cafe12927a987aa826b2fbf6433845c35",
                "shasum": ""
            },
            "require": {
                "ext-hash": "*",
                "ext-json": "*",
                "ext-openssl": "*",
                "lib-curl": ">=7.20.0",
                "mpyw/co": "^1.5",
                "php": ">=5.6.0"
            },
            "require-dev": {
                "codeception/aspect-mock": "^2.2",
                "codeception/codeception": "^2.2",
                "codeception/specify": "^0.4.6",
                "mpyw/privator": "^2.0",
                "php": ">=7.0.0",
                "satooshi/php-coveralls": "^1.0"
            },
            "type": "library",
            "autoload": {
                "psr-4": {
                    "mpyw\\Cowitter\\": "src/"
                }
            },
            "notification-url": "https://packagist.org/downloads/",
            "license": [
                "MIT"
            ],
            "authors": [
                {
                    "name": "mpyw",
                    "email": "ryosuke_i_628@yahoo.co.jp"
                }
            ],
            "description": "Asynchronous Twitter client compatible with mpyw/co Generator-based flows.",
            "keywords": [
                "api",
                "async",
                "asynchronous",
                "image",
                "oauth",
                "paralell",
                "streaming",
                "twitter",
                "upload",
                "video"
            ],
            "support": {
                "issues": "https://github.com/mpyw/cowitter/issues",
                "source": "https://github.com/mpyw/cowitter/tree/v1.0.5"
            },
            "time": "2019-05-16T13:42:58+00:00"
        },
        {
            "name": "mpyw/hardbotter",
            "version": "v1.0.0",
            "source": {
                "type": "git",
                "url": "https://github.com/mpyw/HardBotter.git",
                "reference": "537949647e1f3e54005f9048225dedb0056f706f"
            },
            "dist": {
                "type": "zip",
                "url": "https://api.github.com/repos/mpyw/HardBotter/zipball/537949647e1f3e54005f9048225dedb0056f706f",
                "reference": "537949647e1f3e54005f9048225dedb0056f706f",
                "shasum": ""
            },
            "require": {
                "aza/math": "^1.0",
                "mpyw/cowitter": "^1.0.1",
                "php": ">=5.5.0",
                "vlucas/phpdotenv": "^2.3"
            },
            "require-dev": {
                "codeception/aspect-mock": "^2.0",
                "codeception/codeception": "^2.2",
                "codeception/specify": "*",
                "mpyw/privator": "^2.0",
                "php": ">=7.0.0",
                "satooshi/php-coveralls": "^1.0"
            },
            "type": "library",
            "autoload": {
                "psr-4": {
                    "mpyw\\HardBotter\\": "src/"
                }
            },
            "notification-url": "https://packagist.org/downloads/",
            "license": [
                "MIT"
            ],
            "authors": [
                {
                    "name": "mpyw",
                    "email": "ryosuke_i_628@yahoo.co.jp"
                }
            ],
            "description": "Yet another EasyBotter",
            "support": {
                "issues": "https://github.com/mpyw/HardBotter/issues",
                "source": "https://github.com/mpyw/HardBotter/tree/master"
            },
            "time": "2016-08-29T23:05:39+00:00"
        },
        {
            "name": "psr/http-factory",
            "version": "1.0.2",
            "source": {
                "type": "git",
                "url": "https://github.com/php-fig/http-factory.git",
                "reference": "e616d01114759c4c489f93b099585439f795fe35"
            },
            "dist": {
                "type": "zip",
                "url": "https://api.github.com/repos/php-fig/http-factory/zipball/e616d01114759c4c489f93b099585439f795fe35",
                "reference": "e616d01114759c4c489f93b099585439f795fe35",
                "shasum": ""
            },
            "require": {
                "php": ">=7.0.0",
                "psr/http-message": "^1.0 || ^2.0"
            },
            "type": "library",
            "extra": {
                "branch-alias": {
                    "dev-master": "1.0.x-dev"
                }
            },
            "autoload": {
                "psr-4": {
                    "Psr\\Http\\Message\\": "src/"
                }
            },
            "notification-url": "https://packagist.org/downloads/",
            "license": [
                "MIT"
            ],
            "authors": [
                {
                    "name": "PHP-FIG",
                    "homepage": "https://www.php-fig.org/"
                }
            ],
            "description": "Common interfaces for PSR-7 HTTP message factories",
            "keywords": [
                "factory",
                "http",
                "message",
                "psr",
                "psr-17",
                "psr-7",
                "request",
                "response"
            ],
            "support": {
                "source": "https://github.com/php-fig/http-factory/tree/1.0.2"
            },
            "time": "2023-04-10T20:10:41+00:00"
        },
        {
            "name": "psr/http-message",
            "version": "2.0",
            "source": {
                "type": "git",
                "url": "https://github.com/php-fig/http-message.git",
                "reference": "402d35bcb92c70c026d1a6a9883f06b2ead23d71"
            },
            "dist": {
                "type": "zip",
                "url": "https://api.github.com/repos/php-fig/http-message/zipball/402d35bcb92c70c026d1a6a9883f06b2ead23d71",
                "reference": "402d35bcb92c70c026d1a6a9883f06b2ead23d71",
                "shasum": ""
            },
            "require": {
                "php": "^7.2 || ^8.0"
            },
            "type": "library",
            "extra": {
                "branch-alias": {
                    "dev-master": "2.0.x-dev"
                }
            },
            "autoload": {
                "psr-4": {
                    "Psr\\Http\\Message\\": "src/"
                }
            },
            "notification-url": "https://packagist.org/downloads/",
            "license": [
                "MIT"
            ],
            "authors": [
                {
                    "name": "PHP-FIG",
                    "homepage": "https://www.php-fig.org/"
                }
            ],
            "description": "Common interface for HTTP messages",
            "homepage": "https://github.com/php-fig/http-message",
            "keywords": [
                "http",
                "http-message",
                "psr",
                "psr-7",
                "request",
                "response"
            ],
            "support": {
                "source": "https://github.com/php-fig/http-message/tree/2.0"
            },
            "time": "2023-04-04T09:54:51+00:00"
        },
        {
            "name": "ralouphie/getallheaders",
            "version": "3.0.3",
            "source": {
                "type": "git",
                "url": "https://github.com/ralouphie/getallheaders.git",
                "reference": "120b605dfeb996808c31b6477290a714d356e822"
            },
            "dist": {
                "type": "zip",
                "url": "https://api.github.com/repos/ralouphie/getallheaders/zipball/120b605dfeb996808c31b6477290a714d356e822",
                "reference": "120b605dfeb996808c31b6477290a714d356e822",
                "shasum": ""
            },
            "require": {
                "php": ">=5.6"
            },
            "require-dev": {
                "php-coveralls/php-coveralls": "^2.1",
                "phpunit/phpunit": "^5 || ^6.5"
            },
            "type": "library",
            "autoload": {
                "files": [
                    "src/getallheaders.php"
                ]
            },
            "notification-url": "https://packagist.org/downloads/",
            "license": [
                "MIT"
            ],
            "authors": [
                {
                    "name": "Ralph Khattar",
                    "email": "ralph.khattar@gmail.com"
                }
            ],
            "description": "A polyfill for getallheaders.",
            "support": {
                "issues": "https://github.com/ralouphie/getallheaders/issues",
                "source": "https://github.com/ralouphie/getallheaders/tree/develop"
            },
            "time": "2019-03-08T08:55:37+00:00"
        },
        {
            "name": "react/promise",
            "version": "v2.10.0",
            "source": {
                "type": "git",
                "url": "https://github.com/reactphp/promise.git",
                "reference": "f913fb8cceba1e6644b7b90c4bfb678ed8a3ef38"
            },
            "dist": {
                "type": "zip",
                "url": "https://api.github.com/repos/reactphp/promise/zipball/f913fb8cceba1e6644b7b90c4bfb678ed8a3ef38",
                "reference": "f913fb8cceba1e6644b7b90c4bfb678ed8a3ef38",
                "shasum": ""
            },
            "require": {
                "php": ">=5.4.0"
            },
            "require-dev": {
                "phpunit/phpunit": "^9.5 || ^5.7 || ^4.8.36"
            },
            "type": "library",
            "autoload": {
                "files": [
                    "src/functions_include.php"
                ],
                "psr-4": {
                    "React\\Promise\\": "src/"
                }
            },
            "notification-url": "https://packagist.org/downloads/",
            "license": [
                "MIT"
            ],
            "authors": [
                {
                    "name": "Jan Sorgalla",
                    "email": "jsorgalla@gmail.com",
                    "homepage": "https://sorgalla.com/"
                },
                {
                    "name": "Christian Lück",
                    "email": "christian@clue.engineering",
                    "homepage": "https://clue.engineering/"
                },
                {
                    "name": "Cees-Jan Kiewiet",
                    "email": "reactphp@ceesjankiewiet.nl",
                    "homepage": "https://wyrihaximus.net/"
                },
                {
                    "name": "Chris Boden",
                    "email": "cboden@gmail.com",
                    "homepage": "https://cboden.dev/"
                }
            ],
            "description": "A lightweight implementation of CommonJS Promises/A for PHP",
            "keywords": [
                "promise",
                "promises"
            ],
            "support": {
                "issues": "https://github.com/reactphp/promise/issues",
                "source": "https://github.com/reactphp/promise/tree/v2.10.0"
            },
            "funding": [
                {
                    "url": "https://opencollective.com/reactphp",
                    "type": "open_collective"
                }
            ],
            "time": "2023-05-02T15:15:43+00:00"
        },
        {
            "name": "software-okiba/pclib",
            "version": "v3.54.0",
            "source": {
                "type": "git",
                "url": "git@github.com:ryouta8080/pclib.git",
                "reference": "635a2ccab3c3aaa3ac7ce4a22ef25f8b6043f34d"
            },
            "dist": {
                "type": "zip",
                "url": "https://api.github.com/repos/ryouta8080/pclib/zipball/635a2ccab3c3aaa3ac7ce4a22ef25f8b6043f34d",
                "reference": "635a2ccab3c3aaa3ac7ce4a22ef25f8b6043f34d",
                "shasum": ""
            },
            "require": {
                "intervention/image": "^2.4"
            },
            "type": "library",
            "autoload": {
                "files": [
                    "src/LorderPCLib.php"
                ]
            },
            "support": {
                "source": "https://github.com/ryouta8080/pclib/tree/v3.54.0",
                "issues": "https://github.com/ryouta8080/pclib/issues"
            },
            "time": "2023-04-21T17:44:53+00:00"
        },
        {
            "name": "symfony/polyfill-ctype",
            "version": "v1.28.0",
            "source": {
                "type": "git",
                "url": "https://github.com/symfony/polyfill-ctype.git",
                "reference": "ea208ce43cbb04af6867b4fdddb1bdbf84cc28cb"
            },
            "dist": {
                "type": "zip",
                "url": "https://api.github.com/repos/symfony/polyfill-ctype/zipball/ea208ce43cbb04af6867b4fdddb1bdbf84cc28cb",
                "reference": "ea208ce43cbb04af6867b4fdddb1bdbf84cc28cb",
                "shasum": ""
            },
            "require": {
                "php": ">=7.1"
            },
            "provide": {
                "ext-ctype": "*"
            },
            "suggest": {
                "ext-ctype": "For best performance"
            },
            "type": "library",
            "extra": {
                "branch-alias": {
                    "dev-main": "1.28-dev"
                },
                "thanks": {
                    "name": "symfony/polyfill",
                    "url": "https://github.com/symfony/polyfill"
                }
            },
            "autoload": {
                "files": [
                    "bootstrap.php"
                ],
                "psr-4": {
                    "Symfony\\Polyfill\\Ctype\\": ""
                }
            },
            "notification-url": "https://packagist.org/downloads/",
            "license": [
                "MIT"
            ],
            "authors": [
                {
                    "name": "Gert de Pagter",
                    "email": "BackEndTea@gmail.com"
                },
                {
                    "name": "Symfony Community",
                    "homepage": "https://symfony.com/contributors"
                }
            ],
            "description": "Symfony polyfill for ctype functions",
            "homepage": "https://symfony.com",
            "keywords": [
                "compatibility",
                "ctype",
                "polyfill",
                "portable"
            ],
            "support": {
                "source": "https://github.com/symfony/polyfill-ctype/tree/v1.28.0"
            },
            "funding": [
                {
                    "url": "https://symfony.com/sponsor",
                    "type": "custom"
                },
                {
                    "url": "https://github.com/fabpot",
                    "type": "github"
                },
                {
                    "url": "https://tidelift.com/funding/github/packagist/symfony/symfony",
                    "type": "tidelift"
                }
            ],
            "time": "2023-01-26T09:26:14+00:00"
        },
        {
            "name": "vlucas/phpdotenv",
            "version": "v2.6.9",
            "source": {
                "type": "git",
                "url": "https://github.com/vlucas/phpdotenv.git",
                "reference": "2e93cc98e2e8e869f8d9cfa61bb3a99ba4fc4141"
            },
            "dist": {
                "type": "zip",
                "url": "https://api.github.com/repos/vlucas/phpdotenv/zipball/2e93cc98e2e8e869f8d9cfa61bb3a99ba4fc4141",
                "reference": "2e93cc98e2e8e869f8d9cfa61bb3a99ba4fc4141",
                "shasum": ""
            },
            "require": {
                "php": "^5.3.9 || ^7.0 || ^8.0",
                "symfony/polyfill-ctype": "^1.17"
            },
            "require-dev": {
                "ext-filter": "*",
                "ext-pcre": "*",
                "phpunit/phpunit": "^4.8.36 || ^5.7.27 || ^6.5.14 || ^7.5.20 || ^8.5.21"
            },
            "suggest": {
                "ext-filter": "Required to use the boolean validator.",
                "ext-pcre": "Required to use most of the library."
            },
            "type": "library",
            "extra": {
                "branch-alias": {
                    "dev-master": "2.6-dev"
                }
            },
            "autoload": {
                "psr-4": {
                    "Dotenv\\": "src/"
                }
            },
            "notification-url": "https://packagist.org/downloads/",
            "license": [
                "BSD-3-Clause"
            ],
            "authors": [
                {
                    "name": "Graham Campbell",
                    "email": "hello@gjcampbell.co.uk",
                    "homepage": "https://github.com/GrahamCampbell"
                },
                {
                    "name": "Vance Lucas",
                    "email": "vance@vancelucas.com",
                    "homepage": "https://github.com/vlucas"
                }
            ],
            "description": "Loads environment variables from `.env` to `getenv()`, `$_ENV` and `$_SERVER` automagically.",
            "keywords": [
                "dotenv",
                "env",
                "environment"
            ],
            "support": {
                "issues": "https://github.com/vlucas/phpdotenv/issues",
                "source": "https://github.com/vlucas/phpdotenv/tree/v2.6.9"
            },
            "funding": [
                {
                    "url": "https://github.com/GrahamCampbell",
                    "type": "github"
                },
                {
                    "url": "https://tidelift.com/funding/github/packagist/vlucas/phpdotenv",
                    "type": "tidelift"
                }
            ],
            "time": "2021-12-12T22:59:22+00:00"
        }
    ],
    "packages-dev": [],
    "aliases": [],
    "minimum-stability": "stable",
    "stability-flags": [],
    "prefer-stable": false,
    "prefer-lowest": false,
    "platform": [],
    "platform-dev": [],
    "plugin-api-version": "2.3.0"
}
